{
  "version": "v1",
  "packages": {
    "react-native-camera": {
      "signature": "0fd901929de8656e7600735ca619581e",
      "file": true
    },
    "tflite-react-native": {
      "signature": "06d69ce82bf6dcbd8c5cafd56fc89617",
      "file": true,
      "replaced": "^0.0.5"
    },
    "native-base": {
      "signature": "33c54772113bd8c51d95b2a47d4283a7",
      "file": true,
      "replaced": "^2.13.12"
    }
  }
}